
Microsoft Visual Studio Solution File, Format Version 12.00
# Visual Studio Version 17
VisualStudioVersion = 17.0.31903.59
MinimumVisualStudioVersion = 10.0.40219.1
Project("{FAE04EC0-301F-11D3-BF4B-00C04F79EFBC}") = "connect4", "connect4\connect4.csproj", "{87CAA6F5-D886-487F-A89D-C63E92915D71}"
EndProject
Project("{FAE04EC0-301F-11D3-BF4B-00C04F79EFBC}") = "connect4GameClient", "connect4GameClient\connect4GameClient.csproj", "{23C3C8FC-9298-4428-AB5E-28647B2ECF00}"
EndProject
Project("{FAE04EC0-301F-11D3-BF4B-00C04F79EFBC}") = "Connect4Game.Tests", "Connect4Game.Tests\Connect4Game.Tests.csproj", "{95DE8A66-B23F-422C-A1D3-8D217F6B91DA}"
EndProject
Global
	GlobalSection(SolutionConfigurationPlatforms) = preSolution
		Debug|Any CPU = Debug|Any CPU
		Release|Any CPU = Release|Any CPU
	EndGlobalSection
	GlobalSection(SolutionProperties) = preSolution
		HideSolutionNode = FALSE
	EndGlobalSection
	GlobalSection(ProjectConfigurationPlatforms) = postSolution
		{87CAA6F5-D886-487F-A89D-C63E92915D71}.Debug|Any CPU.ActiveCfg = Debug|Any CPU
		{87CAA6F5-D886-487F-A89D-C63E92915D71}.Debug|Any CPU.Build.0 = Debug|Any CPU
		{87CAA6F5-D886-487F-A89D-C63E92915D71}.Release|Any CPU.ActiveCfg = Release|Any CPU
		{87CAA6F5-D886-487F-A89D-C63E92915D71}.Release|Any CPU.Build.0 = Release|Any CPU
		{23C3C8FC-9298-4428-AB5E-28647B2ECF00}.Debug|Any CPU.ActiveCfg = Debug|Any CPU
		{23C3C8FC-9298-4428-AB5E-28647B2ECF00}.Debug|Any CPU.Build.0 = Debug|Any CPU
		{23C3C8FC-9298-4428-AB5E-28647B2ECF00}.Release|Any CPU.ActiveCfg = Release|Any CPU
		{23C3C8FC-9298-4428-AB5E-28647B2ECF00}.Release|Any CPU.Build.0 = Release|Any CPU
		{BE8559E0-4C25-4EDF-91D1-69D1467F7E81}.Debug|Any CPU.ActiveCfg = Debug|Any CPU
		{BE8559E0-4C25-4EDF-91D1-69D1467F7E81}.Debug|Any CPU.Build.0 = Debug|Any CPU
		{BE8559E0-4C25-4EDF-91D1-69D1467F7E81}.Release|Any CPU.ActiveCfg = Release|Any CPU
		{BE8559E0-4C25-4EDF-91D1-69D1467F7E81}.Release|Any CPU.Build.0 = Release|Any CPU
		{95DE8A66-B23F-422C-A1D3-8D217F6B91DA}.Debug|Any CPU.ActiveCfg = Debug|Any CPU
		{95DE8A66-B23F-422C-A1D3-8D217F6B91DA}.Debug|Any CPU.Build.0 = Debug|Any CPU
		{95DE8A66-B23F-422C-A1D3-8D217F6B91DA}.Release|Any CPU.ActiveCfg = Release|Any CPU
		{95DE8A66-B23F-422C-A1D3-8D217F6B91DA}.Release|Any CPU.Build.0 = Release|Any CPU
	EndGlobalSection
EndGlobal
